// !$*UTF8*$!
{
	archiveVersion = 1;
	classes = {
	};
	objectVersion = 56;
	objects = {

/* Begin PBXBuildFile section */
		522324792C8F221800D18BCF /* Collider.cpp in Sources */ = {isa = PBXBuildFile; fileRef = 522324772C8F221800D18BCF /* Collider.cpp */; };
		5223247C2C8F263300D18BCF /* BoxCollider.cpp in Sources */ = {isa = PBXBuildFile; fileRef = 5223247A2C8F263300D18BCF /* BoxCollider.cpp */; };
		F5045EA52C78BC8800785286 /* main.mm in Sources */ = {isa = PBXBuildFile; fileRef = F5045EA42C78BC8800785286 /* main.mm */; };
		F5045EAD2C78BD1900785286 /* QuartzCore.framework in Frameworks */ = {isa = PBXBuildFile; fileRef = F5045EAC2C78BD1900785286 /* QuartzCore.framework */; };
		F5045EAF2C78BD2500785286 /* Metal.framework in Frameworks */ = {isa = PBXBuildFile; fileRef = F5045EAE2C78BD2500785286 /* Metal.framework */; };
		F5045EB12C78BD3C00785286 /* Foundation.framework in Frameworks */ = {isa = PBXBuildFile; fileRef = F5045EB02C78BD3C00785286 /* Foundation.framework */; };
		F5045EB32C78BD4200785286 /* AppKit.framework in Frameworks */ = {isa = PBXBuildFile; fileRef = F5045EB22C78BD4200785286 /* AppKit.framework */; };
		F5045F2A2C78C05700785286 /* libassimp.5.4.1.dylib in Frameworks */ = {isa = PBXBuildFile; fileRef = F5045F292C78C05700785286 /* libassimp.5.4.1.dylib */; };
		F5045F2B2C78C05700785286 /* libassimp.5.4.1.dylib in Embed Libraries */ = {isa = PBXBuildFile; fileRef = F5045F292C78C05700785286 /* libassimp.5.4.1.dylib */; settings = {ATTRIBUTES = (CodeSignOnCopy, ); }; };
		F5045F312C78C46400785286 /* SnowSoup.mm in Sources */ = {isa = PBXBuildFile; fileRef = F5045F302C78C46400785286 /* SnowSoup.mm */; };
		F5045F342C7CACA200785286 /* WindowDelegate.mm in Sources */ = {isa = PBXBuildFile; fileRef = F5045F332C7CACA200785286 /* WindowDelegate.mm */; };
		F5045F372C7CADE400785286 /* Input.mm in Sources */ = {isa = PBXBuildFile; fileRef = F5045F362C7CADE400785286 /* Input.mm */; };
		F5045F3A2C7CB40D00785286 /* MetalView.mm in Sources */ = {isa = PBXBuildFile; fileRef = F5045F392C7CB40D00785286 /* MetalView.mm */; };
		F5FB81152C7CBFD90084435F /* Implementation.cpp in Sources */ = {isa = PBXBuildFile; fileRef = F5FB81142C7CBFD90084435F /* Implementation.cpp */; };
		F5FB811A2C7DF5600084435F /* Transform.cpp in Sources */ = {isa = PBXBuildFile; fileRef = F5FB81182C7DF5600084435F /* Transform.cpp */; };
		F5FB811E2C7DF61F0084435F /* Camera.cpp in Sources */ = {isa = PBXBuildFile; fileRef = F5FB811C2C7DF61F0084435F /* Camera.cpp */; };
		F5FB81242C7DF7610084435F /* Model.cpp in Sources */ = {isa = PBXBuildFile; fileRef = F5FB81222C7DF7610084435F /* Model.cpp */; };
		F5FB81272C7DF7730084435F /* Mesh.cpp in Sources */ = {isa = PBXBuildFile; fileRef = F5FB81252C7DF7730084435F /* Mesh.cpp */; };
		F5FB812B2C7DF8140084435F /* Texture.cpp in Sources */ = {isa = PBXBuildFile; fileRef = F5FB81292C7DF8140084435F /* Texture.cpp */; };
		F5FB812F2C7DFADC0084435F /* STBI_Implementation.cpp in Sources */ = {isa = PBXBuildFile; fileRef = F5FB812E2C7DFADC0084435F /* STBI_Implementation.cpp */; };
		F5FB81332C8731670084435F /* Node.cpp in Sources */ = {isa = PBXBuildFile; fileRef = F5FB81312C8731670084435F /* Node.cpp */; };
		F5FB81362C8731C60084435F /* MeshNode.cpp in Sources */ = {isa = PBXBuildFile; fileRef = F5FB81342C8731C60084435F /* MeshNode.cpp */; };
		F5FB81392C8737170084435F /* Shaders.metal in Sources */ = {isa = PBXBuildFile; fileRef = F5FB81382C8737170084435F /* Shaders.metal */; };
		F5FB813B2C8737270084435F /* Skybox.metal in Sources */ = {isa = PBXBuildFile; fileRef = F5FB813A2C8737270084435F /* Skybox.metal */; };
		F5FB813D2C87374E0084435F /* PhongShader.metal in Sources */ = {isa = PBXBuildFile; fileRef = F5FB813C2C87374E0084435F /* PhongShader.metal */; };
		F5FB81412C87377D0084435F /* DirectionalLight.cpp in Sources */ = {isa = PBXBuildFile; fileRef = F5FB813F2C87377D0084435F /* DirectionalLight.cpp */; };
		F5FB81452C8739270084435F /* Renderer.cpp in Sources */ = {isa = PBXBuildFile; fileRef = F5FB81432C8739270084435F /* Renderer.cpp */; };
		F5FDCA802C8B30F700E68895 /* ModelTest.cpp in Sources */ = {isa = PBXBuildFile; fileRef = F5FDCA7E2C8B30F700E68895 /* ModelTest.cpp */; };
/* End PBXBuildFile section */

/* Begin PBXCopyFilesBuildPhase section */
		F5045E9F2C78BC8800785286 /* CopyFiles */ = {
			isa = PBXCopyFilesBuildPhase;
			buildActionMask = 2147483647;
			dstPath = /usr/share/man/man1/;
			dstSubfolderSpec = 0;
			files = (
			);
			runOnlyForDeploymentPostprocessing = 1;
		};
		F5045F282C78BD5F00785286 /* Embed Libraries */ = {
			isa = PBXCopyFilesBuildPhase;
			buildActionMask = 2147483647;
			dstPath = "";
			dstSubfolderSpec = 10;
			files = (
				F5045F2B2C78C05700785286 /* libassimp.5.4.1.dylib in Embed Libraries */,
			);
			name = "Embed Libraries";
			runOnlyForDeploymentPostprocessing = 0;
		};
/* End PBXCopyFilesBuildPhase section */

/* Begin PBXFileReference section */
		522324772C8F221800D18BCF /* Collider.cpp */ = {isa = PBXFileReference; lastKnownFileType = sourcecode.cpp.cpp; path = Collider.cpp; sourceTree = "<group>"; };
		522324782C8F221800D18BCF /* Collider.hpp */ = {isa = PBXFileReference; lastKnownFileType = sourcecode.cpp.h; path = Collider.hpp; sourceTree = "<group>"; };
		5223247A2C8F263300D18BCF /* BoxCollider.cpp */ = {isa = PBXFileReference; lastKnownFileType = sourcecode.cpp.cpp; path = BoxCollider.cpp; sourceTree = "<group>"; };
		5223247B2C8F263300D18BCF /* BoxCollider.hpp */ = {isa = PBXFileReference; lastKnownFileType = sourcecode.cpp.h; path = BoxCollider.hpp; sourceTree = "<group>"; };
		5244E17A2C945559004CFE5C /* Snow.hpp */ = {isa = PBXFileReference; lastKnownFileType = sourcecode.cpp.h; path = Snow.hpp; sourceTree = "<group>"; };
		F5045EA12C78BC8800785286 /* SnowSoup */ = {isa = PBXFileReference; explicitFileType = "compiled.mach-o.executable"; includeInIndex = 0; path = SnowSoup; sourceTree = BUILT_PRODUCTS_DIR; };
		F5045EA42C78BC8800785286 /* main.mm */ = {isa = PBXFileReference; lastKnownFileType = sourcecode.cpp.objcpp; path = main.mm; sourceTree = "<group>"; };
		F5045EAC2C78BD1900785286 /* QuartzCore.framework */ = {isa = PBXFileReference; lastKnownFileType = wrapper.framework; name = QuartzCore.framework; path = System/Library/Frameworks/QuartzCore.framework; sourceTree = SDKROOT; };
		F5045EAE2C78BD2500785286 /* Metal.framework */ = {isa = PBXFileReference; lastKnownFileType = wrapper.framework; name = Metal.framework; path = System/Library/Frameworks/Metal.framework; sourceTree = SDKROOT; };
		F5045EB02C78BD3C00785286 /* Foundation.framework */ = {isa = PBXFileReference; lastKnownFileType = wrapper.framework; name = Foundation.framework; path = System/Library/Frameworks/Foundation.framework; sourceTree = SDKROOT; };
		F5045EB22C78BD4200785286 /* AppKit.framework */ = {isa = PBXFileReference; lastKnownFileType = wrapper.framework; name = AppKit.framework; path = System/Library/Frameworks/AppKit.framework; sourceTree = SDKROOT; };
		F5045F292C78C05700785286 /* libassimp.5.4.1.dylib */ = {isa = PBXFileReference; lastKnownFileType = "compiled.mach-o.dylib"; name = libassimp.5.4.1.dylib; path = assimp/5.4.1/lib/libassimp.5.4.1.dylib; sourceTree = "<group>"; };
		F5045F2C2C78C0AB00785286 /* SnowDefs.h */ = {isa = PBXFileReference; lastKnownFileType = sourcecode.c.h; path = SnowDefs.h; sourceTree = "<group>"; };
		F5045F2D2C78C17E00785286 /* SnowStructs.h */ = {isa = PBXFileReference; lastKnownFileType = sourcecode.c.h; path = SnowStructs.h; sourceTree = "<group>"; };
		F5045F302C78C46400785286 /* SnowSoup.mm */ = {isa = PBXFileReference; lastKnownFileType = sourcecode.cpp.objcpp; path = SnowSoup.mm; sourceTree = "<group>"; };
		F5045F322C78C4B400785286 /* SnowSoup.hpp */ = {isa = PBXFileReference; lastKnownFileType = sourcecode.cpp.h; path = SnowSoup.hpp; sourceTree = "<group>"; };
		F5045F332C7CACA200785286 /* WindowDelegate.mm */ = {isa = PBXFileReference; lastKnownFileType = sourcecode.cpp.objcpp; path = WindowDelegate.mm; sourceTree = "<group>"; };
		F5045F352C7CACB600785286 /* WindowDelegate.hpp */ = {isa = PBXFileReference; lastKnownFileType = sourcecode.cpp.h; path = WindowDelegate.hpp; sourceTree = "<group>"; };
		F5045F362C7CADE400785286 /* Input.mm */ = {isa = PBXFileReference; lastKnownFileType = sourcecode.cpp.objcpp; path = Input.mm; sourceTree = "<group>"; };
		F5045F382C7CADF300785286 /* Input.hpp */ = {isa = PBXFileReference; lastKnownFileType = sourcecode.cpp.h; path = Input.hpp; sourceTree = "<group>"; };
		F5045F392C7CB40D00785286 /* MetalView.mm */ = {isa = PBXFileReference; lastKnownFileType = sourcecode.cpp.objcpp; path = MetalView.mm; sourceTree = "<group>"; };
		F5045F3B2C7CB42200785286 /* MetalView.hpp */ = {isa = PBXFileReference; lastKnownFileType = sourcecode.cpp.h; path = MetalView.hpp; sourceTree = "<group>"; };
		F5045F3C2C7CBCA000785286 /* MetalKit.framework */ = {isa = PBXFileReference; lastKnownFileType = wrapper.framework; name = MetalKit.framework; path = System/Library/Frameworks/MetalKit.framework; sourceTree = SDKROOT; };
		F5FB81142C7CBFD90084435F /* Implementation.cpp */ = {isa = PBXFileReference; lastKnownFileType = sourcecode.cpp.cpp; path = Implementation.cpp; sourceTree = "<group>"; };
		F5FB81162C7CC0F50084435F /* SnowInputs.h */ = {isa = PBXFileReference; lastKnownFileType = sourcecode.c.h; path = SnowInputs.h; sourceTree = "<group>"; };
		F5FB81182C7DF5600084435F /* Transform.cpp */ = {isa = PBXFileReference; lastKnownFileType = sourcecode.cpp.cpp; path = Transform.cpp; sourceTree = "<group>"; };
		F5FB81192C7DF5600084435F /* Transform.hpp */ = {isa = PBXFileReference; lastKnownFileType = sourcecode.cpp.h; path = Transform.hpp; sourceTree = "<group>"; };
		F5FB811C2C7DF61F0084435F /* Camera.cpp */ = {isa = PBXFileReference; lastKnownFileType = sourcecode.cpp.cpp; path = Camera.cpp; sourceTree = "<group>"; };
		F5FB811D2C7DF61F0084435F /* Camera.hpp */ = {isa = PBXFileReference; lastKnownFileType = sourcecode.cpp.h; path = Camera.hpp; sourceTree = "<group>"; };
		F5FB811F2C7DF65F0084435F /* PerspectiveCamera.hpp */ = {isa = PBXFileReference; lastKnownFileType = sourcecode.cpp.h; path = PerspectiveCamera.hpp; sourceTree = "<group>"; };
		F5FB81202C7DF6AE0084435F /* OrthographicCamera.hpp */ = {isa = PBXFileReference; lastKnownFileType = sourcecode.cpp.h; path = OrthographicCamera.hpp; sourceTree = "<group>"; };
		F5FB81222C7DF7610084435F /* Model.cpp */ = {isa = PBXFileReference; lastKnownFileType = sourcecode.cpp.cpp; path = Model.cpp; sourceTree = "<group>"; };
		F5FB81232C7DF7610084435F /* Model.hpp */ = {isa = PBXFileReference; lastKnownFileType = sourcecode.cpp.h; path = Model.hpp; sourceTree = "<group>"; };
		F5FB81252C7DF7730084435F /* Mesh.cpp */ = {isa = PBXFileReference; lastKnownFileType = sourcecode.cpp.cpp; path = Mesh.cpp; sourceTree = "<group>"; };
		F5FB81262C7DF7730084435F /* Mesh.hpp */ = {isa = PBXFileReference; lastKnownFileType = sourcecode.cpp.h; path = Mesh.hpp; sourceTree = "<group>"; };
		F5FB81292C7DF8140084435F /* Texture.cpp */ = {isa = PBXFileReference; lastKnownFileType = sourcecode.cpp.cpp; path = Texture.cpp; sourceTree = "<group>"; };
		F5FB812A2C7DF8140084435F /* Texture.hpp */ = {isa = PBXFileReference; lastKnownFileType = sourcecode.cpp.h; path = Texture.hpp; sourceTree = "<group>"; };
		F5FB812E2C7DFADC0084435F /* STBI_Implementation.cpp */ = {isa = PBXFileReference; lastKnownFileType = sourcecode.cpp.cpp; path = STBI_Implementation.cpp; sourceTree = "<group>"; };
		F5FB81312C8731670084435F /* Node.cpp */ = {isa = PBXFileReference; lastKnownFileType = sourcecode.cpp.cpp; path = Node.cpp; sourceTree = "<group>"; };
		F5FB81322C8731670084435F /* Node.hpp */ = {isa = PBXFileReference; lastKnownFileType = sourcecode.cpp.h; path = Node.hpp; sourceTree = "<group>"; };
		F5FB81342C8731C60084435F /* MeshNode.cpp */ = {isa = PBXFileReference; lastKnownFileType = sourcecode.cpp.cpp; path = MeshNode.cpp; sourceTree = "<group>"; };
		F5FB81352C8731C60084435F /* MeshNode.hpp */ = {isa = PBXFileReference; lastKnownFileType = sourcecode.cpp.h; path = MeshNode.hpp; sourceTree = "<group>"; };
		F5FB81382C8737170084435F /* Shaders.metal */ = {isa = PBXFileReference; lastKnownFileType = sourcecode.metal; path = Shaders.metal; sourceTree = "<group>"; };
		F5FB813A2C8737270084435F /* Skybox.metal */ = {isa = PBXFileReference; lastKnownFileType = sourcecode.metal; path = Skybox.metal; sourceTree = "<group>"; };
		F5FB813C2C87374E0084435F /* PhongShader.metal */ = {isa = PBXFileReference; lastKnownFileType = sourcecode.metal; path = PhongShader.metal; sourceTree = "<group>"; };
		F5FB813F2C87377D0084435F /* DirectionalLight.cpp */ = {isa = PBXFileReference; lastKnownFileType = sourcecode.cpp.cpp; path = DirectionalLight.cpp; sourceTree = "<group>"; };
		F5FB81402C87377D0084435F /* DirectionalLight.hpp */ = {isa = PBXFileReference; lastKnownFileType = sourcecode.cpp.h; path = DirectionalLight.hpp; sourceTree = "<group>"; };
		F5FB81432C8739270084435F /* Renderer.cpp */ = {isa = PBXFileReference; lastKnownFileType = sourcecode.cpp.cpp; path = Renderer.cpp; sourceTree = "<group>"; };
		F5FB81442C8739270084435F /* Renderer.hpp */ = {isa = PBXFileReference; lastKnownFileType = sourcecode.cpp.h; path = Renderer.hpp; sourceTree = "<group>"; };
		F5FDCA7E2C8B30F700E68895 /* ModelTest.cpp */ = {isa = PBXFileReference; lastKnownFileType = sourcecode.cpp.cpp; path = ModelTest.cpp; sourceTree = "<group>"; };
		F5FDCA7F2C8B30F700E68895 /* ModelTest.hpp */ = {isa = PBXFileReference; lastKnownFileType = sourcecode.cpp.h; path = ModelTest.hpp; sourceTree = "<group>"; };
/* End PBXFileReference section */

/* Begin PBXFrameworksBuildPhase section */
		F5045E9E2C78BC8800785286 /* Frameworks */ = {
			isa = PBXFrameworksBuildPhase;
			buildActionMask = 2147483647;
			files = (
				F5045F2A2C78C05700785286 /* libassimp.5.4.1.dylib in Frameworks */,
				F5045EAF2C78BD2500785286 /* Metal.framework in Frameworks */,
				F5045EB32C78BD4200785286 /* AppKit.framework in Frameworks */,
				F5045EB12C78BD3C00785286 /* Foundation.framework in Frameworks */,
				F5045EAD2C78BD1900785286 /* QuartzCore.framework in Frameworks */,
			);
			runOnlyForDeploymentPostprocessing = 0;
		};
/* End PBXFrameworksBuildPhase section */

/* Begin PBXGroup section */
		522324762C8F21B800D18BCF /* Colliders */ = {
			isa = PBXGroup;
			children = (
				522324772C8F221800D18BCF /* Collider.cpp */,
				522324782C8F221800D18BCF /* Collider.hpp */,
				5223247A2C8F263300D18BCF /* BoxCollider.cpp */,
				5223247B2C8F263300D18BCF /* BoxCollider.hpp */,
			);
			path = Colliders;
			sourceTree = "<group>";
		};
		F5045E982C78BC8800785286 = {
			isa = PBXGroup;
			children = (
				F5045EA32C78BC8800785286 /* SnowSoup */,
				F5045EA22C78BC8800785286 /* Products */,
				F5045EAB2C78BD1900785286 /* Frameworks */,
			);
			sourceTree = "<group>";
		};
		F5045EA22C78BC8800785286 /* Products */ = {
			isa = PBXGroup;
			children = (
				F5045EA12C78BC8800785286 /* SnowSoup */,
			);
			name = Products;
			sourceTree = "<group>";
		};
		F5045EA32C78BC8800785286 /* SnowSoup */ = {
			isa = PBXGroup;
			children = (
				F5045F2C2C78C0AB00785286 /* SnowDefs.h */,
				F5045F2D2C78C17E00785286 /* SnowStructs.h */,
				F5FB81162C7CC0F50084435F /* SnowInputs.h */,
				5244E17A2C945559004CFE5C /* Snow.hpp */,
				F5FB81142C7CBFD90084435F /* Implementation.cpp */,
				F5045F2E2C78C33800785286 /* Core */,
				F5045EA42C78BC8800785286 /* main.mm */,
			);
			path = SnowSoup;
			sourceTree = "<group>";
		};
		F5045EAB2C78BD1900785286 /* Frameworks */ = {
			isa = PBXGroup;
			children = (
				F5045F3C2C7CBCA000785286 /* MetalKit.framework */,
				F5045F292C78C05700785286 /* libassimp.5.4.1.dylib */,
				F5045EB22C78BD4200785286 /* AppKit.framework */,
				F5045EB02C78BD3C00785286 /* Foundation.framework */,
				F5045EAE2C78BD2500785286 /* Metal.framework */,
				F5045EAC2C78BD1900785286 /* QuartzCore.framework */,
			);
			name = Frameworks;
			sourceTree = "<group>";
		};
		F5045F2E2C78C33800785286 /* Core */ = {
			isa = PBXGroup;
			children = (
				522324762C8F21B800D18BCF /* Colliders */,
				F5FDCA7D2C8B30D200E68895 /* Players */,
				F5FB813E2C87376B0084435F /* Light */,
				F5FB81372C8736C90084435F /* Shaders */,
				F5FB81302C8731510084435F /* Nodes */,
				F5FB81282C7DF8060084435F /* Texture */,
				F5FB81212C7DF74A0084435F /* Model */,
				F5FB81172C7DF5500084435F /* Transform */,
				F5045F2F2C78C3B800785286 /* Control */,
				F5FB81422C8738FF0084435F /* Renderer */,
			);
			path = Core;
			sourceTree = "<group>";
		};
		F5045F2F2C78C3B800785286 /* Control */ = {
			isa = PBXGroup;
			children = (
				F5045F302C78C46400785286 /* SnowSoup.mm */,
				F5045F322C78C4B400785286 /* SnowSoup.hpp */,
				F5045F332C7CACA200785286 /* WindowDelegate.mm */,
				F5045F352C7CACB600785286 /* WindowDelegate.hpp */,
				F5045F362C7CADE400785286 /* Input.mm */,
				F5045F382C7CADF300785286 /* Input.hpp */,
				F5045F392C7CB40D00785286 /* MetalView.mm */,
				F5045F3B2C7CB42200785286 /* MetalView.hpp */,
			);
			path = Control;
			sourceTree = "<group>";
		};
		F5FB81172C7DF5500084435F /* Transform */ = {
			isa = PBXGroup;
			children = (
				F5FB811B2C7DF60E0084435F /* Cameras */,
				F5FB81182C7DF5600084435F /* Transform.cpp */,
				F5FB81192C7DF5600084435F /* Transform.hpp */,
			);
			path = Transform;
			sourceTree = "<group>";
		};
		F5FB811B2C7DF60E0084435F /* Cameras */ = {
			isa = PBXGroup;
			children = (
				F5FB811C2C7DF61F0084435F /* Camera.cpp */,
				F5FB811D2C7DF61F0084435F /* Camera.hpp */,
				F5FB811F2C7DF65F0084435F /* PerspectiveCamera.hpp */,
				F5FB81202C7DF6AE0084435F /* OrthographicCamera.hpp */,
			);
			path = Cameras;
			sourceTree = "<group>";
		};
		F5FB81212C7DF74A0084435F /* Model */ = {
			isa = PBXGroup;
			children = (
				F5FB81222C7DF7610084435F /* Model.cpp */,
				F5FB81232C7DF7610084435F /* Model.hpp */,
				F5FB81252C7DF7730084435F /* Mesh.cpp */,
				F5FB81262C7DF7730084435F /* Mesh.hpp */,
			);
			path = Model;
			sourceTree = "<group>";
		};
		F5FB81282C7DF8060084435F /* Texture */ = {
			isa = PBXGroup;
			children = (
				F5FB81292C7DF8140084435F /* Texture.cpp */,
				F5FB812A2C7DF8140084435F /* Texture.hpp */,
				F5FB812E2C7DFADC0084435F /* STBI_Implementation.cpp */,
			);
			path = Texture;
			sourceTree = "<group>";
		};
		F5FB81302C8731510084435F /* Nodes */ = {
			isa = PBXGroup;
			children = (
				F5FB81312C8731670084435F /* Node.cpp */,
				F5FB81322C8731670084435F /* Node.hpp */,
				F5FB81342C8731C60084435F /* MeshNode.cpp */,
				F5FB81352C8731C60084435F /* MeshNode.hpp */,
			);
			path = Nodes;
			sourceTree = "<group>";
		};
		F5FB81372C8736C90084435F /* Shaders */ = {
			isa = PBXGroup;
			children = (
				F5FB81382C8737170084435F /* Shaders.metal */,
				F5FB813A2C8737270084435F /* Skybox.metal */,
				F5FB813C2C87374E0084435F /* PhongShader.metal */,
			);
			path = Shaders;
			sourceTree = "<group>";
		};
		F5FB813E2C87376B0084435F /* Light */ = {
			isa = PBXGroup;
			children = (
				F5FB813F2C87377D0084435F /* DirectionalLight.cpp */,
				F5FB81402C87377D0084435F /* DirectionalLight.hpp */,
			);
			path = Light;
			sourceTree = "<group>";
		};
		F5FB81422C8738FF0084435F /* Renderer */ = {
			isa = PBXGroup;
			children = (
				F5FB81432C8739270084435F /* Renderer.cpp */,
				F5FB81442C8739270084435F /* Renderer.hpp */,
			);
			path = Renderer;
			sourceTree = "<group>";
		};
		F5FDCA7D2C8B30D200E68895 /* Players */ = {
			isa = PBXGroup;
			children = (
				F5FDCA7E2C8B30F700E68895 /* ModelTest.cpp */,
				F5FDCA7F2C8B30F700E68895 /* ModelTest.hpp */,
			);
			path = Players;
			sourceTree = "<group>";
		};
/* End PBXGroup section */

/* Begin PBXNativeTarget section */
		F5045EA02C78BC8800785286 /* SnowSoup */ = {
			isa = PBXNativeTarget;
			buildConfigurationList = F5045EA82C78BC8800785286 /* Build configuration list for PBXNativeTarget "SnowSoup" */;
			buildPhases = (
				F5045E9D2C78BC8800785286 /* Sources */,
				F5045E9E2C78BC8800785286 /* Frameworks */,
				F5045E9F2C78BC8800785286 /* CopyFiles */,
				F5045F282C78BD5F00785286 /* Embed Libraries */,
			);
			buildRules = (
			);
			dependencies = (
			);
			name = SnowSoup;
			productName = SnowSoup;
			productReference = F5045EA12C78BC8800785286 /* SnowSoup */;
			productType = "com.apple.product-type.tool";
		};
/* End PBXNativeTarget section */

/* Begin PBXProject section */
		F5045E992C78BC8800785286 /* Project object */ = {
			isa = PBXProject;
			attributes = {
				BuildIndependentTargetsInParallel = 1;
				LastUpgradeCheck = 1530;
				TargetAttributes = {
					F5045EA02C78BC8800785286 = {
						CreatedOnToolsVersion = 15.3;
					};
				};
			};
			buildConfigurationList = F5045E9C2C78BC8800785286 /* Build configuration list for PBXProject "SnowSoup" */;
			compatibilityVersion = "Xcode 14.0";
			developmentRegion = en;
			hasScannedForEncodings = 0;
			knownRegions = (
				en,
				Base,
			);
			mainGroup = F5045E982C78BC8800785286;
			productRefGroup = F5045EA22C78BC8800785286 /* Products */;
			projectDirPath = "";
			projectRoot = "";
			targets = (
				F5045EA02C78BC8800785286 /* SnowSoup */,
			);
		};
/* End PBXProject section */

/* Begin PBXSourcesBuildPhase section */
		F5045E9D2C78BC8800785286 /* Sources */ = {
			isa = PBXSourcesBuildPhase;
			buildActionMask = 2147483647;
			files = (
				F5FB81242C7DF7610084435F /* Model.cpp in Sources */,
				522324792C8F221800D18BCF /* Collider.cpp in Sources */,
				F5FB811A2C7DF5600084435F /* Transform.cpp in Sources */,
				F5045F342C7CACA200785286 /* WindowDelegate.mm in Sources */,
				F5FDCA802C8B30F700E68895 /* ModelTest.cpp in Sources */,
				F5045EA52C78BC8800785286 /* main.mm in Sources */,
				F5FB81272C7DF7730084435F /* Mesh.cpp in Sources */,
				F5FB813B2C8737270084435F /* Skybox.metal in Sources */,
				F5045F372C7CADE400785286 /* Input.mm in Sources */,
				F5FB811E2C7DF61F0084435F /* Camera.cpp in Sources */,
				F5FB81152C7CBFD90084435F /* Implementation.cpp in Sources */,
				F5045F312C78C46400785286 /* SnowSoup.mm in Sources */,
				F5FB81392C8737170084435F /* Shaders.metal in Sources */,
				F5FB81412C87377D0084435F /* DirectionalLight.cpp in Sources */,
				F5FB81332C8731670084435F /* Node.cpp in Sources */,
				F5FB81452C8739270084435F /* Renderer.cpp in Sources */,
				F5045F3A2C7CB40D00785286 /* MetalView.mm in Sources */,
				F5FB813D2C87374E0084435F /* PhongShader.metal in Sources */,
				F5FB812B2C7DF8140084435F /* Texture.cpp in Sources */,
				F5FB81362C8731C60084435F /* MeshNode.cpp in Sources */,
				F5FB812F2C7DFADC0084435F /* STBI_Implementation.cpp in Sources */,
				5223247C2C8F263300D18BCF /* BoxCollider.cpp in Sources */,
			);
			runOnlyForDeploymentPostprocessing = 0;
		};
/* End PBXSourcesBuildPhase section */

/* Begin XCBuildConfiguration section */
		F5045EA62C78BC8800785286 /* Debug */ = {
			isa = XCBuildConfiguration;
			buildSettings = {
				ALWAYS_SEARCH_USER_PATHS = NO;
				ASSETCATALOG_COMPILER_GENERATE_SWIFT_ASSET_SYMBOL_EXTENSIONS = YES;
				CLANG_ANALYZER_NONNULL = YES;
				CLANG_ANALYZER_NUMBER_OBJECT_CONVERSION = YES_AGGRESSIVE;
				CLANG_CXX_LANGUAGE_STANDARD = "gnu++20";
				CLANG_ENABLE_MODULES = YES;
				CLANG_ENABLE_OBJC_ARC = YES;
				CLANG_ENABLE_OBJC_WEAK = YES;
				CLANG_WARN_BLOCK_CAPTURE_AUTORELEASING = YES;
				CLANG_WARN_BOOL_CONVERSION = YES;
				CLANG_WARN_COMMA = YES;
				CLANG_WARN_CONSTANT_CONVERSION = YES;
				CLANG_WARN_DEPRECATED_OBJC_IMPLEMENTATIONS = YES;
				CLANG_WARN_DIRECT_OBJC_ISA_USAGE = YES_ERROR;
				CLANG_WARN_DOCUMENTATION_COMMENTS = YES;
				CLANG_WARN_EMPTY_BODY = YES;
				CLANG_WARN_ENUM_CONVERSION = YES;
				CLANG_WARN_INFINITE_RECURSION = YES;
				CLANG_WARN_INT_CONVERSION = YES;
				CLANG_WARN_NON_LITERAL_NULL_CONVERSION = YES;
				CLANG_WARN_OBJC_IMPLICIT_RETAIN_SELF = YES;
				CLANG_WARN_OBJC_LITERAL_CONVERSION = YES;
				CLANG_WARN_OBJC_ROOT_CLASS = YES_ERROR;
				CLANG_WARN_QUOTED_INCLUDE_IN_FRAMEWORK_HEADER = YES;
				CLANG_WARN_RANGE_LOOP_ANALYSIS = YES;
				CLANG_WARN_STRICT_PROTOTYPES = YES;
				CLANG_WARN_SUSPICIOUS_MOVE = YES;
				CLANG_WARN_UNGUARDED_AVAILABILITY = YES_AGGRESSIVE;
				CLANG_WARN_UNREACHABLE_CODE = YES;
				CLANG_WARN__DUPLICATE_METHOD_MATCH = YES;
				COPY_PHASE_STRIP = NO;
				DEBUG_INFORMATION_FORMAT = dwarf;
				ENABLE_STRICT_OBJC_MSGSEND = YES;
				ENABLE_TESTABILITY = YES;
				ENABLE_USER_SCRIPT_SANDBOXING = YES;
				GCC_C_LANGUAGE_STANDARD = gnu17;
				GCC_DYNAMIC_NO_PIC = NO;
				GCC_NO_COMMON_BLOCKS = YES;
				GCC_OPTIMIZATION_LEVEL = 0;
				GCC_PREPROCESSOR_DEFINITIONS = (
					"DEBUG=1",
					"$(inherited)",
				);
				GCC_WARN_64_TO_32_BIT_CONVERSION = YES;
				GCC_WARN_ABOUT_RETURN_TYPE = YES_ERROR;
				GCC_WARN_UNDECLARED_SELECTOR = YES;
				GCC_WARN_UNINITIALIZED_AUTOS = YES_AGGRESSIVE;
				GCC_WARN_UNUSED_FUNCTION = YES;
				GCC_WARN_UNUSED_VARIABLE = YES;
				LOCALIZATION_PREFERS_STRING_CATALOGS = YES;
				MACOSX_DEPLOYMENT_TARGET = 14.4;
				MTL_ENABLE_DEBUG_INFO = INCLUDE_SOURCE;
				MTL_FAST_MATH = YES;
				ONLY_ACTIVE_ARCH = NO;
				SDKROOT = macosx;
			};
			name = Debug;
		};
		F5045EA72C78BC8800785286 /* Release */ = {
			isa = XCBuildConfiguration;
			buildSettings = {
				ALWAYS_SEARCH_USER_PATHS = NO;
				ASSETCATALOG_COMPILER_GENERATE_SWIFT_ASSET_SYMBOL_EXTENSIONS = YES;
				CLANG_ANALYZER_NONNULL = YES;
				CLANG_ANALYZER_NUMBER_OBJECT_CONVERSION = YES_AGGRESSIVE;
				CLANG_CXX_LANGUAGE_STANDARD = "gnu++20";
				CLANG_ENABLE_MODULES = YES;
				CLANG_ENABLE_OBJC_ARC = YES;
				CLANG_ENABLE_OBJC_WEAK = YES;
				CLANG_WARN_BLOCK_CAPTURE_AUTORELEASING = YES;
				CLANG_WARN_BOOL_CONVERSION = YES;
				CLANG_WARN_COMMA = YES;
				CLANG_WARN_CONSTANT_CONVERSION = YES;
				CLANG_WARN_DEPRECATED_OBJC_IMPLEMENTATIONS = YES;
				CLANG_WARN_DIRECT_OBJC_ISA_USAGE = YES_ERROR;
				CLANG_WARN_DOCUMENTATION_COMMENTS = YES;
				CLANG_WARN_EMPTY_BODY = YES;
				CLANG_WARN_ENUM_CONVERSION = YES;
				CLANG_WARN_INFINITE_RECURSION = YES;
				CLANG_WARN_INT_CONVERSION = YES;
				CLANG_WARN_NON_LITERAL_NULL_CONVERSION = YES;
				CLANG_WARN_OBJC_IMPLICIT_RETAIN_SELF = YES;
				CLANG_WARN_OBJC_LITERAL_CONVERSION = YES;
				CLANG_WARN_OBJC_ROOT_CLASS = YES_ERROR;
				CLANG_WARN_QUOTED_INCLUDE_IN_FRAMEWORK_HEADER = YES;
				CLANG_WARN_RANGE_LOOP_ANALYSIS = YES;
				CLANG_WARN_STRICT_PROTOTYPES = YES;
				CLANG_WARN_SUSPICIOUS_MOVE = YES;
				CLANG_WARN_UNGUARDED_AVAILABILITY = YES_AGGRESSIVE;
				CLANG_WARN_UNREACHABLE_CODE = YES;
				CLANG_WARN__DUPLICATE_METHOD_MATCH = YES;
				COPY_PHASE_STRIP = NO;
				DEBUG_INFORMATION_FORMAT = "dwarf-with-dsym";
				ENABLE_NS_ASSERTIONS = NO;
				ENABLE_STRICT_OBJC_MSGSEND = YES;
				ENABLE_USER_SCRIPT_SANDBOXING = YES;
				GCC_C_LANGUAGE_STANDARD = gnu17;
				GCC_NO_COMMON_BLOCKS = YES;
				GCC_WARN_64_TO_32_BIT_CONVERSION = YES;
				GCC_WARN_ABOUT_RETURN_TYPE = YES_ERROR;
				GCC_WARN_UNDECLARED_SELECTOR = YES;
				GCC_WARN_UNINITIALIZED_AUTOS = YES_AGGRESSIVE;
				GCC_WARN_UNUSED_FUNCTION = YES;
				GCC_WARN_UNUSED_VARIABLE = YES;
				LOCALIZATION_PREFERS_STRING_CATALOGS = YES;
				MACOSX_DEPLOYMENT_TARGET = 14.4;
				MTL_ENABLE_DEBUG_INFO = NO;
				MTL_FAST_MATH = YES;
				SDKROOT = macosx;
			};
			name = Release;
		};
		F5045EA92C78BC8800785286 /* Debug */ = {
			isa = XCBuildConfiguration;
			buildSettings = {
				"CODE_SIGN_IDENTITY[sdk=macosx*]" = "Apple Development";
				CODE_SIGN_STYLE = Automatic;
				DEVELOPMENT_TEAM = BUVM85N7NV;
				ENABLE_HARDENED_RUNTIME = YES;
				HEADER_SEARCH_PATHS = (
					assimp/5.4.1/include,
					stb,
					SnowSoup,
					"metal-cpp",
				);
				LIBRARY_SEARCH_PATHS = (
					"$(inherited)",
					"$(PROJECT_DIR)/assimp/5.4.1/lib",
				);
				PRODUCT_NAME = "$(TARGET_NAME)";
			};
			name = Debug;
		};
		F5045EAA2C78BC8800785286 /* Release */ = {
			isa = XCBuildConfiguration;
			buildSettings = {
				"CODE_SIGN_IDENTITY[sdk=macosx*]" = "Apple Development";
				CODE_SIGN_STYLE = Automatic;
				DEVELOPMENT_TEAM = BUVM85N7NV;
				ENABLE_HARDENED_RUNTIME = YES;
				HEADER_SEARCH_PATHS = (
					assimp/5.4.1/include,
					stb,
					SnowSoup,
					"metal-cpp",
				);
				LIBRARY_SEARCH_PATHS = (
					"$(inherited)",
					"$(PROJECT_DIR)/assimp/5.4.1/lib",
				);
				PRODUCT_NAME = "$(TARGET_NAME)";
			};
			name = Release;
		};
/* End XCBuildConfiguration section */

/* Begin XCConfigurationList section */
		F5045E9C2C78BC8800785286 /* Build configuration list for PBXProject "SnowSoup" */ = {
			isa = XCConfigurationList;
			buildConfigurations = (
				F5045EA62C78BC8800785286 /* Debug */,
				F5045EA72C78BC8800785286 /* Release */,
			);
			defaultConfigurationIsVisible = 0;
			defaultConfigurationName = Release;
		};
		F5045EA82C78BC8800785286 /* Build configuration list for PBXNativeTarget "SnowSoup" */ = {
			isa = XCConfigurationList;
			buildConfigurations = (
				F5045EA92C78BC8800785286 /* Debug */,
				F5045EAA2C78BC8800785286 /* Release */,
			);
			defaultConfigurationIsVisible = 0;
			defaultConfigurationName = Release;
		};
/* End XCConfigurationList section */
	};
	rootObject = F5045E992C78BC8800785286 /* Project object */;
}
